<?xml version="1.0" encoding="utf-8"?>
<Project xmlns="http://schemas.microsoft.com/developer/msbuild/2003">
  <ItemGroup>
    <Filter Include="Generated Files">
      <UniqueIdentifier>{71ED8ED8-ACB9-4CE9-BBE1-E00B30144E11}</UniqueIdentifier>
      <Extensions>cpp;c;cxx;moc;h;def;odl;idl;res;</Extensions>
    </Filter>
    <Filter Include="Generated Files">
      <UniqueIdentifier>{71ED8ED8-ACB9-4CE9-BBE1-E00B30144E11}</UniqueIdentifier>
      <Extensions>cpp;c;cxx;moc;h;def;odl;idl;res;</Extensions>
    </Filter>
    <Filter Include="Header Files">
      <UniqueIdentifier>{93995380-89BD-4b04-88EB-625FBE52EBFB}</UniqueIdentifier>
      <Extensions>h;hpp;hxx;hm;inl;inc;xsd</Extensions>
    </Filter>
    <Filter Include="Source Files">
      <UniqueIdentifier>{4FC737F1-C7A5-4376-A066-2A32D752A2FF}</UniqueIdentifier>
      <Extensions>cpp;c;cxx;def;odl;idl;hpj;bat;asm;asmx</Extensions>
    </Filter>
    <Filter Include="Server">
      <UniqueIdentifier>{0d264e47-33f4-4746-ba1e-0ed90ebd69f1}</UniqueIdentifier>
    </Filter>
    <Filter Include="Server\Source Files">
      <UniqueIdentifier>{4FC737F1-C7A5-4376-A066-2A32D752A2FF}</UniqueIdentifier>
      <Extensions>cpp;c;cxx;def;odl;idl;hpj;bat;asm;asmx</Extensions>
    </Filter>
    <Filter Include="Server\Header Files">
      <UniqueIdentifier>{93995380-89BD-4b04-88EB-625FBE52EBFB}</UniqueIdentifier>
      <Extensions>h;hpp;hxx;hm;inl;inc;xsd</Extensions>
    </Filter>
  </ItemGroup>
  <ItemGroup>
    <ClCompile Include="GenericSymbol.cpp">
      <Filter>Server\Source Files</Filter>
    </ClCompile>
    <ClCompile Include="main.cpp">
      <Filter>Server\Source Files</Filter>
    </ClCompile>
    <ClCompile Include="Server.cpp">
      <Filter>Server\Source Files</Filter>
    </ClCompile>
    <ClCompile Include="TextFile.cpp">
      <Filter>Server\Source Files</Filter>
    </ClCompile>
    <ClCompile Include="User.cpp">
      <Filter>Server\Source Files</Filter>
    </ClCompile>
    <ClCompile Include="UserConn.cpp">
      <Filter>Server\Source Files</Filter>
    </ClCompile>
    <ClCompile Include="TextSymbol.cpp">
      <Filter>Server\Source Files</Filter>
    </ClCompile>
    <ClCompile Include="StyleSymbol.cpp">
      <Filter>Server\Source Files</Filter>
    </ClCompile>
  </ItemGroup>
  <ItemGroup>
    <CustomBuild Include="GeneratedFiles\moc_predefs.h.cbt">
      <Filter>Generated Files</Filter>
    </CustomBuild>
  </ItemGroup>
  <ItemGroup>
    <QtMoc Include="Server.h">
      <Filter>Server\Header Files</Filter>
    </QtMoc>
  </ItemGroup>
  <ItemGroup>
    <ClInclude Include="User.h">
      <Filter>Server\Header Files</Filter>
    </ClInclude>
    <ClInclude Include="TextFile.h">
      <Filter>Server\Header Files</Filter>
    </ClInclude>
    <ClInclude Include="GenericSymbol.h">
      <Filter>Server\Header Files</Filter>
    </ClInclude>
    <ClInclude Include="UserConn.h">
      <Filter>Server\Header Files</Filter>
    </ClInclude>
    <ClInclude Include="TextSymbol.h">
      <Filter>Server\Header Files</Filter>
    </ClInclude>
    <ClInclude Include="StyleSymbol.h">
      <Filter>Server\Header Files</Filter>
    </ClInclude>
  </ItemGroup>
</Project>